
Microsoft Visual Studio Solution File, Format Version 12.00
# Visual Studio Version 17
VisualStudioVersion = 17.6.33829.357
MinimumVisualStudioVersion = 10.0.40219.1
Project("{FAE04EC0-301F-11D3-BF4B-00C04F79EFBC}") = "T8_1 (Methods)", "T8_1 (Methods).csproj", "{C855987B-DD2B-4B4C-88C5-8BA6A79A81DE}"
EndProject
Global
	GlobalSection(SolutionConfigurationPlatforms) = preSolution
		Debug|Any CPU = Debug|Any CPU
		Release|Any CPU = Release|Any CPU
	EndGlobalSection
	GlobalSection(ProjectConfigurationPlatforms) = postSolution
		{C855987B-DD2B-4B4C-88C5-8BA6A79A81DE}.Debug|Any CPU.ActiveCfg = Debug|Any CPU
		{C855987B-DD2B-4B4C-88C5-8BA6A79A81DE}.Debug|Any CPU.Build.0 = Debug|Any CPU
		{C855987B-DD2B-4B4C-88C5-8BA6A79A81DE}.Release|Any CPU.ActiveCfg = Release|Any CPU
		{C855987B-DD2B-4B4C-88C5-8BA6A79A81DE}.Release|Any CPU.Build.0 = Release|Any CPU
	EndGlobalSection
	GlobalSection(SolutionProperties) = preSolution
		HideSolutionNode = FALSE
	EndGlobalSection
	GlobalSection(ExtensibilityGlobals) = postSolution
		SolutionGuid = {7C4FE9ED-B702-4F78-BF3D-D3A15BD491EA}
	EndGlobalSection
EndGlobal
